
Microsoft Visual Studio Solution File, Format Version 12.00
# Visual Studio Version 17
VisualStudioVersion = 17.2.32602.215
MinimumVisualStudioVersion = 10.0.40219.1
Project("{9A19103F-16F7-4668-BE54-9A1E7A4F7556}") = "LoggerService", "LoggerService\LoggerService.csproj", "{FA4E6631-A139-4746-9A74-7C20EF5C5CE0}"
EndProject
Project("{9A19103F-16F7-4668-BE54-9A1E7A4F7556}") = "Entities", "Entities\Entities.csproj", "{4DB44CA8-0C1A-46D9-96E8-91A62C3D73E2}"
EndProject
Project("{9A19103F-16F7-4668-BE54-9A1E7A4F7556}") = "Contract", "Contract\Contract.csproj", "{933D2FF4-F355-4058-AF1F-DE603AF734D2}"
EndProject
Project("{9A19103F-16F7-4668-BE54-9A1E7A4F7556}") = "Repository", "Repository\Repository.csproj", "{096694FA-4DAF-48D4-92F8-6601AEA36B2B}"
EndProject
Project("{9A19103F-16F7-4668-BE54-9A1E7A4F7556}") = "CompanyEmployee", "..\..\CompanyEmployees\CompanyEmployee\CompanyEmployee.csproj", "{D2096065-625C-4FA2-9692-D02C3AEECD97}"
EndProject
Global
	GlobalSection(SolutionConfigurationPlatforms) = preSolution
		Debug|Any CPU = Debug|Any CPU
		Release|Any CPU = Release|Any CPU
	EndGlobalSection
	GlobalSection(ProjectConfigurationPlatforms) = postSolution
		{FA4E6631-A139-4746-9A74-7C20EF5C5CE0}.Debug|Any CPU.ActiveCfg = Debug|Any CPU
		{FA4E6631-A139-4746-9A74-7C20EF5C5CE0}.Debug|Any CPU.Build.0 = Debug|Any CPU
		{FA4E6631-A139-4746-9A74-7C20EF5C5CE0}.Release|Any CPU.ActiveCfg = Release|Any CPU
		{FA4E6631-A139-4746-9A74-7C20EF5C5CE0}.Release|Any CPU.Build.0 = Release|Any CPU
		{4DB44CA8-0C1A-46D9-96E8-91A62C3D73E2}.Debug|Any CPU.ActiveCfg = Debug|Any CPU
		{4DB44CA8-0C1A-46D9-96E8-91A62C3D73E2}.Debug|Any CPU.Build.0 = Debug|Any CPU
		{4DB44CA8-0C1A-46D9-96E8-91A62C3D73E2}.Release|Any CPU.ActiveCfg = Release|Any CPU
		{4DB44CA8-0C1A-46D9-96E8-91A62C3D73E2}.Release|Any CPU.Build.0 = Release|Any CPU
		{933D2FF4-F355-4058-AF1F-DE603AF734D2}.Debug|Any CPU.ActiveCfg = Debug|Any CPU
		{933D2FF4-F355-4058-AF1F-DE603AF734D2}.Debug|Any CPU.Build.0 = Debug|Any CPU
		{933D2FF4-F355-4058-AF1F-DE603AF734D2}.Release|Any CPU.ActiveCfg = Release|Any CPU
		{933D2FF4-F355-4058-AF1F-DE603AF734D2}.Release|Any CPU.Build.0 = Release|Any CPU
		{096694FA-4DAF-48D4-92F8-6601AEA36B2B}.Debug|Any CPU.ActiveCfg = Debug|Any CPU
		{096694FA-4DAF-48D4-92F8-6601AEA36B2B}.Debug|Any CPU.Build.0 = Debug|Any CPU
		{096694FA-4DAF-48D4-92F8-6601AEA36B2B}.Release|Any CPU.ActiveCfg = Release|Any CPU
		{096694FA-4DAF-48D4-92F8-6601AEA36B2B}.Release|Any CPU.Build.0 = Release|Any CPU
		{D2096065-625C-4FA2-9692-D02C3AEECD97}.Debug|Any CPU.ActiveCfg = Debug|Any CPU
		{D2096065-625C-4FA2-9692-D02C3AEECD97}.Debug|Any CPU.Build.0 = Debug|Any CPU
		{D2096065-625C-4FA2-9692-D02C3AEECD97}.Release|Any CPU.ActiveCfg = Release|Any CPU
		{D2096065-625C-4FA2-9692-D02C3AEECD97}.Release|Any CPU.Build.0 = Release|Any CPU
	EndGlobalSection
	GlobalSection(SolutionProperties) = preSolution
		HideSolutionNode = FALSE
	EndGlobalSection
	GlobalSection(ExtensibilityGlobals) = postSolution
		SolutionGuid = {D109A2B2-2FC1-4375-B917-C9613759565B}
	EndGlobalSection
EndGlobal
